{
  "name": "imperial-bot",
  "version": "1.0.0",
  "lockfileVersion": 3,
  "requires": true,
  "packages": {
    "": {
      "name": "imperial-bot",
      "version": "1.0.0",
      "license": "MIT",
      "dependencies": {
        "dotenv": "^16.6.1",
        "mysql2": "^3.14.3",
        "telegraf": "^4.16.3"
      }
    }
  },
  "dependencies": {
    "dotenv": {
      "version": "16.6.1",
      "resolved": "https://registry.npmjs.org/dotenv/-/dotenv-16.6.1.tgz",
      "integrity": "sha512-2R8n0m8N16/t3LZtYtNi44Wxj5f5uMIPgR3W2PbFr2GBEDgOg+4DNqZvlq7V8LIFv6i4NfQx0gq6GeB7j3jIg==",
      "dev": false
    },
    "mysql2": {
      "version": "3.14.3",
      "resolved": "https://registry.npmjs.org/mysql2/-/mysql2-3.14.3.tgz",
      "integrity": "sha512-+zP7X1m2tHqXmf3yE4f3qw0wWkGxK0uZC0KQ32C0+ePY0Ney1q6J9oFHP2b2e3FJ8JxR0uX5F6LxR02c2G+zqQ==",
      "dev": false,
      "dependencies": {
        "denque": "^2.1.0",
        "iconv-lite": "^0.6.3",
        "named-placeholders": "^1.1.3",
        "sqlstring": "^2.3.3"
      }
    },
    "telegraf": {
      "version": "4.16.3",
      "resolved": "https://registry.npmjs.org/telegraf/-/telegraf-4.16.3.tgz",
      "integrity": "sha512-mGqM5A1mZsYShYdjv+tb7NZkFYNhD2M3X5b3vlkH0y5kxPpo3S6yK4wMQ6X5h1I5qg5A0x4+Gp9l6y7cC6Mgg==",
      "dev": false,
      "dependencies": {
        "@telegraf/types": "^7.1.0",
        "abort-controller": "^3.0.0",
        "debug": "^4.4.1",
        "event-target-shim": "^5.0.1",
        "ms": "^2.1.3",
        "node-fetch": "^2.7.0",
        "p-timeout": "^4.1.0",
        "safe-compare": "^1.1.4"
      }
    }
  }
}
