{
  "name": "imperial-bot",
  "version": "1.0.0",
  "lockfileVersion": 3,
  "requires": true,
  "packages": {
    "": {
      "name": "imperial-bot",
      "version": "1.0.0",
      "dependencies": {
        "dotenv": "^16.3.1",
        "mysql2": "^3.6.0",
        "telegraf": "^4.16.0"
      }
    }
  },
  "dependencies": {
    "dotenv": {
      "version": "16.3.1",
      "resolved": "https://registry.npmjs.org/dotenv/-/dotenv-16.3.1.tgz",
      "integrity": "sha512-9qvM0/xK3h3yFXpUJ6P3Jw2NzhhKZ6+ktMCxxpOn6OHcZf+2b/r68G+LVsG1mE0hG3w5yVfW8t6+nP7eZHsTPA==",
      "dev": false,
      "engines": {
        "node": ">=12"
      }
    },
    "mysql2": {
      "version": "3.6.0",
      "resolved": "https://registry.npmjs.org/mysql2/-/mysql2-3.6.0.tgz",
      "integrity": "sha512-3+FvMx/Rh+XxB7mMKq5kax8DklZ1x9B8i0LZyogIhlNRtX+5w5HfXx5/Yc+NHFKL3v6hW4aXl2Rwr2xF0xTn0A==",
      "dev": false,
      "engines": {
        "node": ">=12"
      }
    },
    "telegraf": {
      "version": "4.16.0",
      "resolved": "https://registry.npmjs.org/telegraf/-/telegraf-4.16.0.tgz",
      "integrity": "sha512-XkAmq0mykJrh/ihnU0K8q+6eGafzUtpZC2vfjc5NHk2Z5tCwLbsuS8/ZcX3NQw85w4JtX9P0k+5Mz64nLtZ+6A==",
      "dev": false,
      "engines": {
        "node": ">=12"
      },
      "dependencies": {
        "telegraf-core": "^4.16.0"
      }
    }
  }
}
